// !$*UTF8*$!
{
	archiveVersion = 1;
	classes = {
	};
	objectVersion = 46;
	objects = {

/* Begin PBXBuildFile section */
		3A5E0AC11C7A31840023E505 /* CuartaVista.swift in Sources */ = {isa = PBXBuildFile; fileRef = 3A5E0AC01C7A31840023E505 /* CuartaVista.swift */; };
		3A5E0AC31C7A40810023E505 /* ingrediente.swift in Sources */ = {isa = PBXBuildFile; fileRef = 3A5E0AC21C7A40810023E505 /* ingrediente.swift */; };
		3A5E0AC51C7A69B20023E505 /* valores.swift in Sources */ = {isa = PBXBuildFile; fileRef = 3A5E0AC41C7A69B20023E505 /* valores.swift */; };
		3A5E0AC91C7A9B750023E505 /* resultadoVistas.swift in Sources */ = {isa = PBXBuildFile; fileRef = 3A5E0AC81C7A9B750023E505 /* resultadoVistas.swift */; };
		3AF1C58D1C779C4A00AC1913 /* AppDelegate.swift in Sources */ = {isa = PBXBuildFile; fileRef = 3AF1C58C1C779C4A00AC1913 /* AppDelegate.swift */; };
		3AF1C58F1C779C4A00AC1913 /* ViewController.swift in Sources */ = {isa = PBXBuildFile; fileRef = 3AF1C58E1C779C4A00AC1913 /* ViewController.swift */; };
		3AF1C5921C779C4A00AC1913 /* Main.storyboard in Resources */ = {isa = PBXBuildFile; fileRef = 3AF1C5901C779C4A00AC1913 /* Main.storyboard */; };
		3AF1C5941C779C4A00AC1913 /* Assets.xcassets in Resources */ = {isa = PBXBuildFile; fileRef = 3AF1C5931C779C4A00AC1913 /* Assets.xcassets */; };
		3AF1C5971C779C4A00AC1913 /* LaunchScreen.storyboard in Resources */ = {isa = PBXBuildFile; fileRef = 3AF1C5951C779C4A00AC1913 /* LaunchScreen.storyboard */; };
		3AF1C59C1C779C4B00AC1913 /* makePizzaAW WatchKit App.app in Embed Watch Content */ = {isa = PBXBuildFile; fileRef = 3AF1C59B1C779C4B00AC1913 /* makePizzaAW WatchKit App.app */; };
		3AF1C5A21C779C4B00AC1913 /* Interface.storyboard in Resources */ = {isa = PBXBuildFile; fileRef = 3AF1C5A01C779C4B00AC1913 /* Interface.storyboard */; };
		3AF1C5A41C779C4B00AC1913 /* Assets.xcassets in Resources */ = {isa = PBXBuildFile; fileRef = 3AF1C5A31C779C4B00AC1913 /* Assets.xcassets */; };
		3AF1C5AB1C779C4B00AC1913 /* makePizzaAW WatchKit Extension.appex in Embed App Extensions */ = {isa = PBXBuildFile; fileRef = 3AF1C5AA1C779C4B00AC1913 /* makePizzaAW WatchKit Extension.appex */; settings = {ATTRIBUTES = (RemoveHeadersOnCopy, ); }; };
		3AF1C5B21C779C4B00AC1913 /* InterfaceController.swift in Sources */ = {isa = PBXBuildFile; fileRef = 3AF1C5B11C779C4B00AC1913 /* InterfaceController.swift */; };
		3AF1C5B41C779C4B00AC1913 /* ExtensionDelegate.swift in Sources */ = {isa = PBXBuildFile; fileRef = 3AF1C5B31C779C4B00AC1913 /* ExtensionDelegate.swift */; };
		3AF1C5B61C779C4B00AC1913 /* NotificationController.swift in Sources */ = {isa = PBXBuildFile; fileRef = 3AF1C5B51C779C4B00AC1913 /* NotificationController.swift */; };
		3AF1C5B81C779C4B00AC1913 /* GlanceController.swift in Sources */ = {isa = PBXBuildFile; fileRef = 3AF1C5B71C779C4B00AC1913 /* GlanceController.swift */; };
		3AF1C5BA1C779C4B00AC1913 /* Assets.xcassets in Resources */ = {isa = PBXBuildFile; fileRef = 3AF1C5B91C779C4B00AC1913 /* Assets.xcassets */; };
		3AF1C5CA1C77CD3C00AC1913 /* primeraVista.swift in Sources */ = {isa = PBXBuildFile; fileRef = 3AF1C5C91C77CD3C00AC1913 /* primeraVista.swift */; };
		3AF1C5CC1C77D3F300AC1913 /* segundaVista.swift in Sources */ = {isa = PBXBuildFile; fileRef = 3AF1C5CB1C77D3F300AC1913 /* segundaVista.swift */; };
		3AF1C5CE1C77D6CE00AC1913 /* terceraVista.swift in Sources */ = {isa = PBXBuildFile; fileRef = 3AF1C5CD1C77D6CE00AC1913 /* terceraVista.swift */; };
/* End PBXBuildFile section */

/* Begin PBXContainerItemProxy section */
		3AF1C59D1C779C4B00AC1913 /* PBXContainerItemProxy */ = {
			isa = PBXContainerItemProxy;
			containerPortal = 3AF1C5811C779C4A00AC1913 /* Project object */;
			proxyType = 1;
			remoteGlobalIDString = 3AF1C59A1C779C4B00AC1913;
			remoteInfo = "makePizzaAW WatchKit App";
		};
		3AF1C5AC1C779C4B00AC1913 /* PBXContainerItemProxy */ = {
			isa = PBXContainerItemProxy;
			containerPortal = 3AF1C5811C779C4A00AC1913 /* Project object */;
			proxyType = 1;
			remoteGlobalIDString = 3AF1C5A91C779C4B00AC1913;
			remoteInfo = "makePizzaAW WatchKit Extension";
		};
/* End PBXContainerItemProxy section */

/* Begin PBXCopyFilesBuildPhase section */
		3AF1C5C11C779C4B00AC1913 /* Embed App Extensions */ = {
			isa = PBXCopyFilesBuildPhase;
			buildActionMask = 2147483647;
			dstPath = "";
			dstSubfolderSpec = 13;
			files = (
				3AF1C5AB1C779C4B00AC1913 /* makePizzaAW WatchKit Extension.appex in Embed App Extensions */,
			);
			name = "Embed App Extensions";
			runOnlyForDeploymentPostprocessing = 0;
		};
		3AF1C5C51C779C4B00AC1913 /* Embed Watch Content */ = {
			isa = PBXCopyFilesBuildPhase;
			buildActionMask = 2147483647;
			dstPath = "$(CONTENTS_FOLDER_PATH)/Watch";
			dstSubfolderSpec = 16;
			files = (
				3AF1C59C1C779C4B00AC1913 /* makePizzaAW WatchKit App.app in Embed Watch Content */,
			);
			name = "Embed Watch Content";
			runOnlyForDeploymentPostprocessing = 0;
		};
/* End PBXCopyFilesBuildPhase section */

/* Begin PBXFileReference section */
		3A5E0AC01C7A31840023E505 /* CuartaVista.swift */ = {isa = PBXFileReference; fileEncoding = 4; lastKnownFileType = sourcecode.swift; path = CuartaVista.swift; sourceTree = "<group>"; };
		3A5E0AC21C7A40810023E505 /* ingrediente.swift */ = {isa = PBXFileReference; fileEncoding = 4; lastKnownFileType = sourcecode.swift; path = ingrediente.swift; sourceTree = "<group>"; };
		3A5E0AC41C7A69B20023E505 /* valores.swift */ = {isa = PBXFileReference; fileEncoding = 4; lastKnownFileType = sourcecode.swift; name = valores.swift; path = "../makePizzaAW WatchKit App/valores.swift"; sourceTree = "<group>"; };
		3A5E0AC81C7A9B750023E505 /* resultadoVistas.swift */ = {isa = PBXFileReference; fileEncoding = 4; lastKnownFileType = sourcecode.swift; path = resultadoVistas.swift; sourceTree = "<group>"; };
		3AF1C5891C779C4A00AC1913 /* makePizzaAW.app */ = {isa = PBXFileReference; explicitFileType = wrapper.application; includeInIndex = 0; path = makePizzaAW.app; sourceTree = BUILT_PRODUCTS_DIR; };
		3AF1C58C1C779C4A00AC1913 /* AppDelegate.swift */ = {isa = PBXFileReference; lastKnownFileType = sourcecode.swift; path = AppDelegate.swift; sourceTree = "<group>"; };
		3AF1C58E1C779C4A00AC1913 /* ViewController.swift */ = {isa = PBXFileReference; lastKnownFileType = sourcecode.swift; path = ViewController.swift; sourceTree = "<group>"; };
		3AF1C5911C779C4A00AC1913 /* Base */ = {isa = PBXFileReference; lastKnownFileType = file.storyboard; name = Base; path = Base.lproj/Main.storyboard; sourceTree = "<group>"; };
		3AF1C5931C779C4A00AC1913 /* Assets.xcassets */ = {isa = PBXFileReference; lastKnownFileType = folder.assetcatalog; path = Assets.xcassets; sourceTree = "<group>"; };
		3AF1C5961C779C4A00AC1913 /* Base */ = {isa = PBXFileReference; lastKnownFileType = file.storyboard; name = Base; path = Base.lproj/LaunchScreen.storyboard; sourceTree = "<group>"; };
		3AF1C5981C779C4A00AC1913 /* Info.plist */ = {isa = PBXFileReference; lastKnownFileType = text.plist.xml; path = Info.plist; sourceTree = "<group>"; };
		3AF1C59B1C779C4B00AC1913 /* makePizzaAW WatchKit App.app */ = {isa = PBXFileReference; explicitFileType = wrapper.application; includeInIndex = 0; path = "makePizzaAW WatchKit App.app"; sourceTree = BUILT_PRODUCTS_DIR; };
		3AF1C5A11C779C4B00AC1913 /* Base */ = {isa = PBXFileReference; lastKnownFileType = file.storyboard; name = Base; path = Base.lproj/Interface.storyboard; sourceTree = "<group>"; };
		3AF1C5A31C779C4B00AC1913 /* Assets.xcassets */ = {isa = PBXFileReference; lastKnownFileType = folder.assetcatalog; path = Assets.xcassets; sourceTree = "<group>"; };
		3AF1C5A51C779C4B00AC1913 /* Info.plist */ = {isa = PBXFileReference; lastKnownFileType = text.plist.xml; path = Info.plist; sourceTree = "<group>"; };
		3AF1C5AA1C779C4B00AC1913 /* makePizzaAW WatchKit Extension.appex */ = {isa = PBXFileReference; explicitFileType = "wrapper.app-extension"; includeInIndex = 0; path = "makePizzaAW WatchKit Extension.appex"; sourceTree = BUILT_PRODUCTS_DIR; };
		3AF1C5B01C779C4B00AC1913 /* PushNotificationPayload.apns */ = {isa = PBXFileReference; lastKnownFileType = text; path = PushNotificationPayload.apns; sourceTree = "<group>"; };
		3AF1C5B11C779C4B00AC1913 /* InterfaceController.swift */ = {isa = PBXFileReference; lastKnownFileType = sourcecode.swift; path = InterfaceController.swift; sourceTree = "<group>"; };
		3AF1C5B31C779C4B00AC1913 /* ExtensionDelegate.swift */ = {isa = PBXFileReference; lastKnownFileType = sourcecode.swift; path = ExtensionDelegate.swift; sourceTree = "<group>"; };
		3AF1C5B51C779C4B00AC1913 /* NotificationController.swift */ = {isa = PBXFileReference; lastKnownFileType = sourcecode.swift; path = NotificationController.swift; sourceTree = "<group>"; };
		3AF1C5B71C779C4B00AC1913 /* GlanceController.swift */ = {isa = PBXFileReference; lastKnownFileType = sourcecode.swift; path = GlanceController.swift; sourceTree = "<group>"; };
		3AF1C5B91C779C4B00AC1913 /* Assets.xcassets */ = {isa = PBXFileReference; lastKnownFileType = folder.assetcatalog; path = Assets.xcassets; sourceTree = "<group>"; };
		3AF1C5BB1C779C4B00AC1913 /* Info.plist */ = {isa = PBXFileReference; lastKnownFileType = text.plist.xml; path = Info.plist; sourceTree = "<group>"; };
		3AF1C5C91C77CD3C00AC1913 /* primeraVista.swift */ = {isa = PBXFileReference; fileEncoding = 4; lastKnownFileType = sourcecode.swift; path = primeraVista.swift; sourceTree = "<group>"; };
		3AF1C5CB1C77D3F300AC1913 /* segundaVista.swift */ = {isa = PBXFileReference; fileEncoding = 4; lastKnownFileType = sourcecode.swift; path = segundaVista.swift; sourceTree = "<group>"; };
		3AF1C5CD1C77D6CE00AC1913 /* terceraVista.swift */ = {isa = PBXFileReference; fileEncoding = 4; lastKnownFileType = sourcecode.swift; path = terceraVista.swift; sourceTree = "<group>"; };
/* End PBXFileReference section */

/* Begin PBXFrameworksBuildPhase section */
		3AF1C5861C779C4A00AC1913 /* Frameworks */ = {
			isa = PBXFrameworksBuildPhase;
			buildActionMask = 2147483647;
			files = (
			);
			runOnlyForDeploymentPostprocessing = 0;
		};
		3AF1C5A71C779C4B00AC1913 /* Frameworks */ = {
			isa = PBXFrameworksBuildPhase;
			buildActionMask = 2147483647;
			files = (
			);
			runOnlyForDeploymentPostprocessing = 0;
		};
/* End PBXFrameworksBuildPhase section */

/* Begin PBXGroup section */
		3AF1C5801C779C4A00AC1913 = {
			isa = PBXGroup;
			children = (
				3AF1C58B1C779C4A00AC1913 /* makePizzaAW */,
				3AF1C59F1C779C4B00AC1913 /* makePizzaAW WatchKit App */,
				3AF1C5AE1C779C4B00AC1913 /* makePizzaAW WatchKit Extension */,
				3AF1C58A1C779C4A00AC1913 /* Products */,
			);
			sourceTree = "<group>";
		};
		3AF1C58A1C779C4A00AC1913 /* Products */ = {
			isa = PBXGroup;
			children = (
				3AF1C5891C779C4A00AC1913 /* makePizzaAW.app */,
				3AF1C59B1C779C4B00AC1913 /* makePizzaAW WatchKit App.app */,
				3AF1C5AA1C779C4B00AC1913 /* makePizzaAW WatchKit Extension.appex */,
			);
			name = Products;
			sourceTree = "<group>";
		};
		3AF1C58B1C779C4A00AC1913 /* makePizzaAW */ = {
			isa = PBXGroup;
			children = (
				3AF1C58C1C779C4A00AC1913 /* AppDelegate.swift */,
				3AF1C58E1C779C4A00AC1913 /* ViewController.swift */,
				3AF1C5901C779C4A00AC1913 /* Main.storyboard */,
				3AF1C5931C779C4A00AC1913 /* Assets.xcassets */,
				3AF1C5951C779C4A00AC1913 /* LaunchScreen.storyboard */,
				3AF1C5981C779C4A00AC1913 /* Info.plist */,
			);
			path = makePizzaAW;
			sourceTree = "<group>";
		};
		3AF1C59F1C779C4B00AC1913 /* makePizzaAW WatchKit App */ = {
			isa = PBXGroup;
			children = (
				3AF1C5A01C779C4B00AC1913 /* Interface.storyboard */,
				3AF1C5A31C779C4B00AC1913 /* Assets.xcassets */,
				3AF1C5A51C779C4B00AC1913 /* Info.plist */,
			);
			path = "makePizzaAW WatchKit App";
			sourceTree = "<group>";
		};
		3AF1C5AE1C779C4B00AC1913 /* makePizzaAW WatchKit Extension */ = {
			isa = PBXGroup;
			children = (
				3AF1C5B11C779C4B00AC1913 /* InterfaceController.swift */,
				3AF1C5B31C779C4B00AC1913 /* ExtensionDelegate.swift */,
				3AF1C5B51C779C4B00AC1913 /* NotificationController.swift */,
				3AF1C5B71C779C4B00AC1913 /* GlanceController.swift */,
				3AF1C5B91C779C4B00AC1913 /* Assets.xcassets */,
				3AF1C5BB1C779C4B00AC1913 /* Info.plist */,
				3AF1C5AF1C779C4B00AC1913 /* Supporting Files */,
				3AF1C5C91C77CD3C00AC1913 /* primeraVista.swift */,
				3A5E0AC41C7A69B20023E505 /* valores.swift */,
				3AF1C5CB1C77D3F300AC1913 /* segundaVista.swift */,
				3AF1C5CD1C77D6CE00AC1913 /* terceraVista.swift */,
				3A5E0AC01C7A31840023E505 /* CuartaVista.swift */,
				3A5E0AC21C7A40810023E505 /* ingrediente.swift */,
				3A5E0AC81C7A9B750023E505 /* resultadoVistas.swift */,
			);
			path = "makePizzaAW WatchKit Extension";
			sourceTree = "<group>";
		};
		3AF1C5AF1C779C4B00AC1913 /* Supporting Files */ = {
			isa = PBXGroup;
			children = (
				3AF1C5B01C779C4B00AC1913 /* PushNotificationPayload.apns */,
			);
			name = "Supporting Files";
			sourceTree = "<group>";
		};
/* End PBXGroup section */

/* Begin PBXNativeTarget section */
		3AF1C5881C779C4A00AC1913 /* makePizzaAW */ = {
			isa = PBXNativeTarget;
			buildConfigurationList = 3AF1C5C61C779C4B00AC1913 /* Build configuration list for PBXNativeTarget "makePizzaAW" */;
			buildPhases = (
				3AF1C5851C779C4A00AC1913 /* Sources */,
				3AF1C5861C779C4A00AC1913 /* Frameworks */,
				3AF1C5871C779C4A00AC1913 /* Resources */,
				3AF1C5C51C779C4B00AC1913 /* Embed Watch Content */,
			);
			buildRules = (
			);
			dependencies = (
				3AF1C59E1C779C4B00AC1913 /* PBXTargetDependency */,
			);
			name = makePizzaAW;
			productName = makePizzaAW;
			productReference = 3AF1C5891C779C4A00AC1913 /* makePizzaAW.app */;
			productType = "com.apple.product-type.application";
		};
		3AF1C59A1C779C4B00AC1913 /* makePizzaAW WatchKit App */ = {
			isa = PBXNativeTarget;
			buildConfigurationList = 3AF1C5C21C779C4B00AC1913 /* Build configuration list for PBXNativeTarget "makePizzaAW WatchKit App" */;
			buildPhases = (
				3AF1C5991C779C4B00AC1913 /* Resources */,
				3AF1C5C11C779C4B00AC1913 /* Embed App Extensions */,
			);
			buildRules = (
			);
			dependencies = (
				3AF1C5AD1C779C4B00AC1913 /* PBXTargetDependency */,
			);
			name = "makePizzaAW WatchKit App";
			productName = "makePizzaAW WatchKit App";
			productReference = 3AF1C59B1C779C4B00AC1913 /* makePizzaAW WatchKit App.app */;
			productType = "com.apple.product-type.application.watchapp2";
		};
		3AF1C5A91C779C4B00AC1913 /* makePizzaAW WatchKit Extension */ = {
			isa = PBXNativeTarget;
			buildConfigurationList = 3AF1C5BE1C779C4B00AC1913 /* Build configuration list for PBXNativeTarget "makePizzaAW WatchKit Extension" */;
			buildPhases = (
				3AF1C5A61C779C4B00AC1913 /* Sources */,
				3AF1C5A71C779C4B00AC1913 /* Frameworks */,
				3AF1C5A81C779C4B00AC1913 /* Resources */,
			);
			buildRules = (
			);
			dependencies = (
			);
			name = "makePizzaAW WatchKit Extension";
			productName = "makePizzaAW WatchKit Extension";
			productReference = 3AF1C5AA1C779C4B00AC1913 /* makePizzaAW WatchKit Extension.appex */;
			productType = "com.apple.product-type.watchkit2-extension";
		};
/* End PBXNativeTarget section */

/* Begin PBXProject section */
		3AF1C5811C779C4A00AC1913 /* Project object */ = {
			isa = PBXProject;
			attributes = {
				LastSwiftUpdateCheck = 0720;
				LastUpgradeCheck = 0720;
				ORGANIZATIONNAME = eworld;
				TargetAttributes = {
					3AF1C5881C779C4A00AC1913 = {
						CreatedOnToolsVersion = 7.2.1;
						DevelopmentTeam = XL3QHK5LCF;
					};
					3AF1C59A1C779C4B00AC1913 = {
						CreatedOnToolsVersion = 7.2.1;
						DevelopmentTeam = XL3QHK5LCF;
					};
					3AF1C5A91C779C4B00AC1913 = {
						CreatedOnToolsVersion = 7.2.1;
						DevelopmentTeam = XL3QHK5LCF;
					};
				};
			};
			buildConfigurationList = 3AF1C5841C779C4A00AC1913 /* Build configuration list for PBXProject "makePizzaAW" */;
			compatibilityVersion = "Xcode 3.2";
			developmentRegion = English;
			hasScannedForEncodings = 0;
			knownRegions = (
				en,
				Base,
			);
			mainGroup = 3AF1C5801C779C4A00AC1913;
			productRefGroup = 3AF1C58A1C779C4A00AC1913 /* Products */;
			projectDirPath = "";
			projectRoot = "";
			targets = (
				3AF1C5881C779C4A00AC1913 /* makePizzaAW */,
				3AF1C59A1C779C4B00AC1913 /* makePizzaAW WatchKit App */,
				3AF1C5A91C779C4B00AC1913 /* makePizzaAW WatchKit Extension */,
			);
		};
/* End PBXProject section */

/* Begin PBXResourcesBuildPhase section */
		3AF1C5871C779C4A00AC1913 /* Resources */ = {
			isa = PBXResourcesBuildPhase;
			buildActionMask = 2147483647;
			files = (
				3AF1C5971C779C4A00AC1913 /* LaunchScreen.storyboard in Resources */,
				3AF1C5941C779C4A00AC1913 /* Assets.xcassets in Resources */,
				3AF1C5921C779C4A00AC1913 /* Main.storyboard in Resources */,
			);
			runOnlyForDeploymentPostprocessing = 0;
		};
		3AF1C5991C779C4B00AC1913 /* Resources */ = {
			isa = PBXResourcesBuildPhase;
			buildActionMask = 2147483647;
			files = (
				3AF1C5A41C779C4B00AC1913 /* Assets.xcassets in Resources */,
				3AF1C5A21C779C4B00AC1913 /* Interface.storyboard in Resources */,
			);
			runOnlyForDeploymentPostprocessing = 0;
		};
		3AF1C5A81C779C4B00AC1913 /* Resources */ = {
			isa = PBXResourcesBuildPhase;
			buildActionMask = 2147483647;
			files = (
				3AF1C5BA1C779C4B00AC1913 /* Assets.xcassets in Resources */,
			);
			runOnlyForDeploymentPostprocessing = 0;
		};
/* End PBXResourcesBuildPhase section */

/* Begin PBXSourcesBuildPhase section */
		3AF1C5851C779C4A00AC1913 /* Sources */ = {
			isa = PBXSourcesBuildPhase;
			buildActionMask = 2147483647;
			files = (
				3AF1C58F1C779C4A00AC1913 /* ViewController.swift in Sources */,
				3A5E0AC51C7A69B20023E505 /* valores.swift in Sources */,
				3AF1C58D1C779C4A00AC1913 /* AppDelegate.swift in Sources */,
			);
			runOnlyForDeploymentPostprocessing = 0;
		};
		3AF1C5A61C779C4B00AC1913 /* Sources */ = {
			isa = PBXSourcesBuildPhase;
			buildActionMask = 2147483647;
			files = (
				3AF1C5CA1C77CD3C00AC1913 /* primeraVista.swift in Sources */,
				3AF1C5B61C779C4B00AC1913 /* NotificationController.swift in Sources */,
				3AF1C5B41C779C4B00AC1913 /* ExtensionDelegate.swift in Sources */,
				3A5E0AC11C7A31840023E505 /* CuartaVista.swift in Sources */,
				3AF1C5B21C779C4B00AC1913 /* InterfaceController.swift in Sources */,
				3AF1C5CE1C77D6CE00AC1913 /* terceraVista.swift in Sources */,
				3AF1C5B81C779C4B00AC1913 /* GlanceController.swift in Sources */,
				3AF1C5CC1C77D3F300AC1913 /* segundaVista.swift in Sources */,
				3A5E0AC31C7A40810023E505 /* ingrediente.swift in Sources */,
				3A5E0AC91C7A9B750023E505 /* resultadoVistas.swift in Sources */,
			);
			runOnlyForDeploymentPostprocessing = 0;
		};
/* End PBXSourcesBuildPhase section */

/* Begin PBXTargetDependency section */
		3AF1C59E1C779C4B00AC1913 /* PBXTargetDependency */ = {
			isa = PBXTargetDependency;
			target = 3AF1C59A1C779C4B00AC1913 /* makePizzaAW WatchKit App */;
			targetProxy = 3AF1C59D1C779C4B00AC1913 /* PBXContainerItemProxy */;
		};
		3AF1C5AD1C779C4B00AC1913 /* PBXTargetDependency */ = {
			isa = PBXTargetDependency;
			target = 3AF1C5A91C779C4B00AC1913 /* makePizzaAW WatchKit Extension */;
			targetProxy = 3AF1C5AC1C779C4B00AC1913 /* PBXContainerItemProxy */;
		};
/* End PBXTargetDependency section */

/* Begin PBXVariantGroup section */
		3AF1C5901C779C4A00AC1913 /* Main.storyboard */ = {
			isa = PBXVariantGroup;
			children = (
				3AF1C5911C779C4A00AC1913 /* Base */,
			);
			name = Main.storyboard;
			sourceTree = "<group>";
		};
		3AF1C5951C779C4A00AC1913 /* LaunchScreen.storyboard */ = {
			isa = PBXVariantGroup;
			children = (
				3AF1C5961C779C4A00AC1913 /* Base */,
			);
			name = LaunchScreen.storyboard;
			sourceTree = "<group>";
		};
		3AF1C5A01C779C4B00AC1913 /* Interface.storyboard */ = {
			isa = PBXVariantGroup;
			children = (
				3AF1C5A11C779C4B00AC1913 /* Base */,
			);
			name = Interface.storyboard;
			sourceTree = "<group>";
		};
/* End PBXVariantGroup section */

/* Begin XCBuildConfiguration section */
		3AF1C5BC1C779C4B00AC1913 /* Debug */ = {
			isa = XCBuildConfiguration;
			buildSettings = {
				ALWAYS_SEARCH_USER_PATHS = NO;
				CLANG_CXX_LANGUAGE_STANDARD = "gnu++0x";
				CLANG_CXX_LIBRARY = "libc++";
				CLANG_ENABLE_MODULES = YES;
				CLANG_ENABLE_OBJC_ARC = YES;
				CLANG_WARN_BOOL_CONVERSION = YES;
				CLANG_WARN_CONSTANT_CONVERSION = YES;
				CLANG_WARN_DIRECT_OBJC_ISA_USAGE = YES_ERROR;
				CLANG_WARN_EMPTY_BODY = YES;
				CLANG_WARN_ENUM_CONVERSION = YES;
				CLANG_WARN_INT_CONVERSION = YES;
				CLANG_WARN_OBJC_ROOT_CLASS = YES_ERROR;
				CLANG_WARN_UNREACHABLE_CODE = YES;
				CLANG_WARN__DUPLICATE_METHOD_MATCH = YES;
				"CODE_SIGN_IDENTITY[sdk=iphoneos*]" = "iPhone Developer";
				COPY_PHASE_STRIP = NO;
				DEBUG_INFORMATION_FORMAT = dwarf;
				ENABLE_STRICT_OBJC_MSGSEND = YES;
				ENABLE_TESTABILITY = YES;
				GCC_C_LANGUAGE_STANDARD = gnu99;
				GCC_DYNAMIC_NO_PIC = NO;
				GCC_NO_COMMON_BLOCKS = YES;
				GCC_OPTIMIZATION_LEVEL = 0;
				GCC_PREPROCESSOR_DEFINITIONS = (
					"DEBUG=1",
					"$(inherited)",
				);
				GCC_WARN_64_TO_32_BIT_CONVERSION = YES;
				GCC_WARN_ABOUT_RETURN_TYPE = YES_ERROR;
				GCC_WARN_UNDECLARED_SELECTOR = YES;
				GCC_WARN_UNINITIALIZED_AUTOS = YES_AGGRESSIVE;
				GCC_WARN_UNUSED_FUNCTION = YES;
				GCC_WARN_UNUSED_VARIABLE = YES;
				IPHONEOS_DEPLOYMENT_TARGET = 9.2;
				MTL_ENABLE_DEBUG_INFO = YES;
				ONLY_ACTIVE_ARCH = YES;
				SDKROOT = iphoneos;
				SWIFT_OPTIMIZATION_LEVEL = "-Onone";
				TARGETED_DEVICE_FAMILY = "1,2";
			};
			name = Debug;
		};
		3AF1C5BD1C779C4B00AC1913 /* Release */ = {
			isa = XCBuildConfiguration;
			buildSettings = {
				ALWAYS_SEARCH_USER_PATHS = NO;
				CLANG_CXX_LANGUAGE_STANDARD = "gnu++0x";
				CLANG_CXX_LIBRARY = "libc++";
				CLANG_ENABLE_MODULES = YES;
				CLANG_ENABLE_OBJC_ARC = YES;
				CLANG_WARN_BOOL_CONVERSION = YES;
				CLANG_WARN_CONSTANT_CONVERSION = YES;
				CLANG_WARN_DIRECT_OBJC_ISA_USAGE = YES_ERROR;
				CLANG_WARN_EMPTY_BODY = YES;
				CLANG_WARN_ENUM_CONVERSION = YES;
				CLANG_WARN_INT_CONVERSION = YES;
				CLANG_WARN_OBJC_ROOT_CLASS = YES_ERROR;
				CLANG_WARN_UNREACHABLE_CODE = YES;
				CLANG_WARN__DUPLICATE_METHOD_MATCH = YES;
				"CODE_SIGN_IDENTITY[sdk=iphoneos*]" = "iPhone Developer";
				COPY_PHASE_STRIP = NO;
				DEBUG_INFORMATION_FORMAT = "dwarf-with-dsym";
				ENABLE_NS_ASSERTIONS = NO;
				ENABLE_STRICT_OBJC_MSGSEND = YES;
				GCC_C_LANGUAGE_STANDARD = gnu99;
				GCC_NO_COMMON_BLOCKS = YES;
				GCC_WARN_64_TO_32_BIT_CONVERSION = YES;
				GCC_WARN_ABOUT_RETURN_TYPE = YES_ERROR;
				GCC_WARN_UNDECLARED_SELECTOR = YES;
				GCC_WARN_UNINITIALIZED_AUTOS = YES_AGGRESSIVE;
				GCC_WARN_UNUSED_FUNCTION = YES;
				GCC_WARN_UNUSED_VARIABLE = YES;
				IPHONEOS_DEPLOYMENT_TARGET = 9.2;
				MTL_ENABLE_DEBUG_INFO = NO;
				SDKROOT = iphoneos;
				TARGETED_DEVICE_FAMILY = "1,2";
				VALIDATE_PRODUCT = YES;
			};
			name = Release;
		};
		3AF1C5BF1C779C4B00AC1913 /* Debug */ = {
			isa = XCBuildConfiguration;
			buildSettings = {
				INFOPLIST_FILE = "makePizzaAW WatchKit Extension/Info.plist";
				LD_RUNPATH_SEARCH_PATHS = "$(inherited) @executable_path/Frameworks @executable_path/../../Frameworks";
				PRODUCT_BUNDLE_IDENTIFIER = "co.e-world.makePizzaAW.watchkitapp.watchkitextension";
				PRODUCT_NAME = "${TARGET_NAME}";
				SDKROOT = watchos;
				SKIP_INSTALL = YES;
				TARGETED_DEVICE_FAMILY = 4;
				WATCHOS_DEPLOYMENT_TARGET = 2.1;
			};
			name = Debug;
		};
		3AF1C5C01C779C4B00AC1913 /* Release */ = {
			isa = XCBuildConfiguration;
			buildSettings = {
				INFOPLIST_FILE = "makePizzaAW WatchKit Extension/Info.plist";
				LD_RUNPATH_SEARCH_PATHS = "$(inherited) @executable_path/Frameworks @executable_path/../../Frameworks";
				PRODUCT_BUNDLE_IDENTIFIER = "co.e-world.makePizzaAW.watchkitapp.watchkitextension";
				PRODUCT_NAME = "${TARGET_NAME}";
				SDKROOT = watchos;
				SKIP_INSTALL = YES;
				TARGETED_DEVICE_FAMILY = 4;
				WATCHOS_DEPLOYMENT_TARGET = 2.1;
			};
			name = Release;
		};
		3AF1C5C31C779C4B00AC1913 /* Debug */ = {
			isa = XCBuildConfiguration;
			buildSettings = {
				ASSETCATALOG_COMPILER_APPICON_NAME = AppIcon;
				EMBEDDED_CONTENT_CONTAINS_SWIFT = YES;
				IBSC_MODULE = makePizzaAW_WatchKit_Extension;
				INFOPLIST_FILE = "makePizzaAW WatchKit App/Info.plist";
				PRODUCT_BUNDLE_IDENTIFIER = "co.e-world.makePizzaAW.watchkitapp";
				PRODUCT_NAME = "$(TARGET_NAME)";
				SDKROOT = watchos;
				SKIP_INSTALL = YES;
				TARGETED_DEVICE_FAMILY = 4;
				WATCHOS_DEPLOYMENT_TARGET = 2.1;
			};
			name = Debug;
		};
		3AF1C5C41C779C4B00AC1913 /* Release */ = {
			isa = XCBuildConfiguration;
			buildSettings = {
				ASSETCATALOG_COMPILER_APPICON_NAME = AppIcon;
				EMBEDDED_CONTENT_CONTAINS_SWIFT = YES;
				IBSC_MODULE = makePizzaAW_WatchKit_Extension;
				INFOPLIST_FILE = "makePizzaAW WatchKit App/Info.plist";
				PRODUCT_BUNDLE_IDENTIFIER = "co.e-world.makePizzaAW.watchkitapp";
				PRODUCT_NAME = "$(TARGET_NAME)";
				SDKROOT = watchos;
				SKIP_INSTALL = YES;
				TARGETED_DEVICE_FAMILY = 4;
				WATCHOS_DEPLOYMENT_TARGET = 2.1;
			};
			name = Release;
		};
		3AF1C5C71C779C4B00AC1913 /* Debug */ = {
			isa = XCBuildConfiguration;
			buildSettings = {
				ASSETCATALOG_COMPILER_APPICON_NAME = AppIcon;
				INFOPLIST_FILE = makePizzaAW/Info.plist;
				LD_RUNPATH_SEARCH_PATHS = "$(inherited) @executable_path/Frameworks";
				PRODUCT_BUNDLE_IDENTIFIER = "co.e-world.makePizzaAW";
				PRODUCT_NAME = "$(TARGET_NAME)";
			};
			name = Debug;
		};
		3AF1C5C81C779C4B00AC1913 /* Release */ = {
			isa = XCBuildConfiguration;
			buildSettings = {
				ASSETCATALOG_COMPILER_APPICON_NAME = AppIcon;
				INFOPLIST_FILE = makePizzaAW/Info.plist;
				LD_RUNPATH_SEARCH_PATHS = "$(inherited) @executable_path/Frameworks";
				PRODUCT_BUNDLE_IDENTIFIER = "co.e-world.makePizzaAW";
				PRODUCT_NAME = "$(TARGET_NAME)";
			};
			name = Release;
		};
/* End XCBuildConfiguration section */

/* Begin XCConfigurationList section */
		3AF1C5841C779C4A00AC1913 /* Build configuration list for PBXProject "makePizzaAW" */ = {
			isa = XCConfigurationList;
			buildConfigurations = (
				3AF1C5BC1C779C4B00AC1913 /* Debug */,
				3AF1C5BD1C779C4B00AC1913 /* Release */,
			);
			defaultConfigurationIsVisible = 0;
			defaultConfigurationName = Release;
		};
		3AF1C5BE1C779C4B00AC1913 /* Build configuration list for PBXNativeTarget "makePizzaAW WatchKit Extension" */ = {
			isa = XCConfigurationList;
			buildConfigurations = (
				3AF1C5BF1C779C4B00AC1913 /* Debug */,
				3AF1C5C01C779C4B00AC1913 /* Release */,
			);
			defaultConfigurationIsVisible = 0;
			defaultConfigurationName = Release;
		};
		3AF1C5C21C779C4B00AC1913 /* Build configuration list for PBXNativeTarget "makePizzaAW WatchKit App" */ = {
			isa = XCConfigurationList;
			buildConfigurations = (
				3AF1C5C31C779C4B00AC1913 /* Debug */,
				3AF1C5C41C779C4B00AC1913 /* Release */,
			);
			defaultConfigurationIsVisible = 0;
			defaultConfigurationName = Release;
		};
		3AF1C5C61C779C4B00AC1913 /* Build configuration list for PBXNativeTarget "makePizzaAW" */ = {
			isa = XCConfigurationList;
			buildConfigurations = (
				3AF1C5C71C779C4B00AC1913 /* Debug */,
				3AF1C5C81C779C4B00AC1913 /* Release */,
			);
			defaultConfigurationIsVisible = 0;
			defaultConfigurationName = Release;
		};
/* End XCConfigurationList section */
	};
	rootObject = 3AF1C5811C779C4A00AC1913 /* Project object */;
}
